# THIS IS AN AUTOGENERATED FILE. DO NOT EDIT THIS FILE DIRECTLY.
# yarn lockfile v1


"@babel/runtime@^7.5.5":
  version "7.12.5"
  resolved "https://descinet.bbva.es/artifactory/api/npm/npm/@babel/runtime/-/runtime-7.12.5.tgz#410e7e487441e1b360c29be715d870d9b985882e"
  integrity sha1-QQ5+SHRB4bNgwpvnFdhw2bmFiC4=
  dependencies:
    regenerator-runtime "^0.13.4"

"@videojs/vhs-utils@^2.2.1":
  version "2.2.1"
  resolved "https://descinet.bbva.es/artifactory/api/npm/npm/@videojs/vhs-utils/-/vhs-utils-2.2.1.tgz#78ecea26652268646d5003b1b1a705c9b544f8a2"
  integrity sha1-eOzqJmUiaGRtUAOxsacFybVE+KI=
  dependencies:
    "@babel/runtime" "^7.5.5"
    global "^4.3.2"
    url-toolkit "^2.1.6"

at-least-node@^1.0.0:
  version "1.0.0"
  resolved "https://descinet.bbva.es/artifactory/api/npm/npm/at-least-node/-/at-least-node-1.0.0.tgz#602cd4b46e844ad4effc92a8011a3c46e0238dc2"
  integrity sha1-YCzUtG6EStTv/JKoARo8RuAjjcI=

dom-walk@^0.1.0:
  version "0.1.2"
  resolved "https://descinet.bbva.es/artifactory/api/npm/npm/dom-walk/-/dom-walk-0.1.2.tgz#0c548bef048f4d1f2a97249002236060daa3fd84"
  integrity sha1-DFSL7wSPTR8qlySQAiNgYNqj/YQ=

fs-extra@^9.0.1:
  version "9.0.1"
  resolved "https://descinet.bbva.es/artifactory/api/npm/npm/fs-extra/-/fs-extra-9.0.1.tgz#910da0062437ba4c39fedd863f1675ccfefcb9fc"
  integrity sha1-kQ2gBiQ3ukw5/t2GPxZ1zP78ufw=
  dependencies:
    at-least-node "^1.0.0"
    graceful-fs "^4.2.0"
    jsonfile "^6.0.1"
    universalify "^1.0.0"

global@^4.3.2:
  version "4.4.0"
  resolved "https://descinet.bbva.es/artifactory/api/npm/npm/global/-/global-4.4.0.tgz#3e7b105179006a323ed71aafca3e9c57a5cc6406"
  integrity sha1-PnsQUXkAajI+1xqvyj6cV6XMZAY=
  dependencies:
    min-document "^2.19.0"
    process "^0.11.10"

graceful-fs@^4.1.6, graceful-fs@^4.2.0:
  version "4.2.4"
  resolved "https://descinet.bbva.es/artifactory/api/npm/npm/graceful-fs/-/graceful-fs-4.2.4.tgz#2256bde14d3632958c465ebc96dc467ca07a29fb"
  integrity sha1-Ila94U02MpWMRl68ltxGfKB6Kfs=

jsonfile@^6.0.1:
  version "6.1.0"
  resolved "https://descinet.bbva.es/artifactory/api/npm/npm/jsonfile/-/jsonfile-6.1.0.tgz#bc55b2634793c679ec6403094eb13698a6ec0aae"
  integrity sha1-vFWyY0eTxnnsZAMJTrE2mKbsCq4=
  dependencies:
    universalify "^2.0.0"
  optionalDependencies:
    graceful-fs "^4.1.6"

m3u8-parser@^4.5.0:
  version "4.5.0"
  resolved "https://descinet.bbva.es/artifactory/api/npm/npm/m3u8-parser/-/m3u8-parser-4.5.0.tgz#9c30b32c9b69cc3f81b5e6789717fa84b9fdb9aa"
  integrity sha1-nDCzLJtpzD+BteZ4lxf6hLn9uao=
  dependencies:
    "@babel/runtime" "^7.5.5"
    "@videojs/vhs-utils" "^2.2.1"
    global "^4.3.2"

min-document@^2.19.0:
  version "2.19.0"
  resolved "https://descinet.bbva.es/artifactory/api/npm/npm/min-document/-/min-document-2.19.0.tgz#7bd282e3f5842ed295bb748cdd9f1ffa2c824685"
  integrity sha1-e9KC4/WELtKVu3SM3Z8f+iyCRoU=
  dependencies:
    dom-walk "^0.1.0"

node-fetch@^2.6.1:
  version "2.6.1"
  resolved "https://descinet.bbva.es/artifactory/api/npm/npm/node-fetch/-/node-fetch-2.6.1.tgz#045bd323631f76ed2e2b55573394416b639a0052"
  integrity sha1-BFvTI2Mfdu0uK1VXM5RBa2OaAFI=

process@^0.11.10:
  version "0.11.10"
  resolved "https://descinet.bbva.es/artifactory/api/npm/npm/process/-/process-0.11.10.tgz#7332300e840161bda3e69a1d1d91a7d4bc16f182"
  integrity sha1-czIwDoQBYb2j5podHZGn1LwW8YI=

regenerator-runtime@^0.13.4:
  version "0.13.7"
  resolved "https://descinet.bbva.es/artifactory/api/npm/npm/regenerator-runtime/-/regenerator-runtime-0.13.7.tgz#cac2dacc8a1ea675feaabaeb8ae833898ae46f55"
  integrity sha1-ysLazIoepnX+qrrriugziYrkb1U=

universalify@^1.0.0:
  version "1.0.0"
  resolved "https://descinet.bbva.es/artifactory/api/npm/npm/universalify/-/universalify-1.0.0.tgz#b61a1da173e8435b2fe3c67d29b9adf8594bd16d"
  integrity sha1-thodoXPoQ1sv48Z9Kbmt+FlL0W0=

universalify@^2.0.0:
  version "2.0.0"
  resolved "https://descinet.bbva.es/artifactory/api/npm/npm/universalify/-/universalify-2.0.0.tgz#75a4984efedc4b08975c5aeb73f530d02df25717"
  integrity sha1-daSYTv7cSwiXXFrrc/Uw0C3yVxc=

url-toolkit@^2.1.6:
  version "2.2.1"
  resolved "https://descinet.bbva.es/artifactory/api/npm/npm/url-toolkit/-/url-toolkit-2.2.1.tgz#89009ed3d62a3574de079532a7266c14d2cc1c4f"
  integrity sha1-iQCe09YqNXTeB5UypyZsFNLMHE8=
